// !$*UTF8*$!
{
	archiveVersion = 1;
	classes = {
	};
	objectVersion = 55;
	objects = {

/* Begin PBXBuildFile section */
		84374BEA27413090008113F1 /* LoginOrRegisterVC.swift in Sources */ = {isa = PBXBuildFile; fileRef = 84374BE927413090008113F1 /* LoginOrRegisterVC.swift */; };
		84374BEC27413510008113F1 /* Conversations.swift in Sources */ = {isa = PBXBuildFile; fileRef = 84374BEB27413510008113F1 /* Conversations.swift */; };
		84374BEE27413523008113F1 /* Location.swift in Sources */ = {isa = PBXBuildFile; fileRef = 84374BED27413523008113F1 /* Location.swift */; };
		84374BF027413531008113F1 /* Message.swift in Sources */ = {isa = PBXBuildFile; fileRef = 84374BEF27413531008113F1 /* Message.swift */; };
		84374BF22741373E008113F1 /* CamVC.swift in Sources */ = {isa = PBXBuildFile; fileRef = 84374BF12741373E008113F1 /* CamVC.swift */; };
		84374C5727429550008113F1 /* video4.mp4 in Resources */ = {isa = PBXBuildFile; fileRef = 84374C4E2742954B008113F1 /* video4.mp4 */; };
		84374C5827429550008113F1 /* video5.mp4 in Resources */ = {isa = PBXBuildFile; fileRef = 84374C4F2742954C008113F1 /* video5.mp4 */; };
		84374C5927429550008113F1 /* video.mp4 in Resources */ = {isa = PBXBuildFile; fileRef = 84374C502742954C008113F1 /* video.mp4 */; };
		84374C5A27429550008113F1 /* video8.mp4 in Resources */ = {isa = PBXBuildFile; fileRef = 84374C512742954D008113F1 /* video8.mp4 */; };
		84374C5B27429550008113F1 /* video3.mp4 in Resources */ = {isa = PBXBuildFile; fileRef = 84374C522742954E008113F1 /* video3.mp4 */; };
		84374C5C27429550008113F1 /* video7.mp4 in Resources */ = {isa = PBXBuildFile; fileRef = 84374C532742954E008113F1 /* video7.mp4 */; };
		84374C5D27429550008113F1 /* video6.mp4 in Resources */ = {isa = PBXBuildFile; fileRef = 84374C542742954F008113F1 /* video6.mp4 */; };
		84374C5E27429550008113F1 /* video2.mp4 in Resources */ = {isa = PBXBuildFile; fileRef = 84374C552742954F008113F1 /* video2.mp4 */; };
		84374C5F27429550008113F1 /* video99.MP4 in Resources */ = {isa = PBXBuildFile; fileRef = 84374C5627429550008113F1 /* video99.MP4 */; };
		84374C6127429571008113F1 /* TikTokVC.swift in Sources */ = {isa = PBXBuildFile; fileRef = 84374C6027429571008113F1 /* TikTokVC.swift */; };
		84374C632742958F008113F1 /* VideoCollectionViewCell.swift in Sources */ = {isa = PBXBuildFile; fileRef = 84374C622742958F008113F1 /* VideoCollectionViewCell.swift */; };
		C9534230273FFA4000E149B0 /* RegisterService.swift in Sources */ = {isa = PBXBuildFile; fileRef = C953422F273FFA4000E149B0 /* RegisterService.swift */; };
		C9534232273FFAB000E149B0 /* User.swift in Sources */ = {isa = PBXBuildFile; fileRef = C9534231273FFAB000E149B0 /* User.swift */; };
		C98B5A29274629AB0034166D /* UserService.swift in Sources */ = {isa = PBXBuildFile; fileRef = C98B5A28274629AB0034166D /* UserService.swift */; };
		C98B5A5B2746773F0034166D /* GoogleService-Info.plist in Resources */ = {isa = PBXBuildFile; fileRef = C98B5A5A2746773F0034166D /* GoogleService-Info.plist */; };
		C9F3E3BE273AD47A0093B42F /* AppDelegate.swift in Sources */ = {isa = PBXBuildFile; fileRef = C9F3E3BD273AD47A0093B42F /* AppDelegate.swift */; };
		C9F3E3C0273AD47A0093B42F /* SceneDelegate.swift in Sources */ = {isa = PBXBuildFile; fileRef = C9F3E3BF273AD47A0093B42F /* SceneDelegate.swift */; };
		C9F3E3C2273AD47A0093B42F /* LogInVC.swift in Sources */ = {isa = PBXBuildFile; fileRef = C9F3E3C1273AD47A0093B42F /* LogInVC.swift */; };
		C9F3E3C7273AD47C0093B42F /* Assets.xcassets in Resources */ = {isa = PBXBuildFile; fileRef = C9F3E3C6273AD47C0093B42F /* Assets.xcassets */; };
		C9F3E3CA273AD47C0093B42F /* LaunchScreen.storyboard in Resources */ = {isa = PBXBuildFile; fileRef = C9F3E3C8273AD47C0093B42F /* LaunchScreen.storyboard */; };
		C9F3E3D2273ADB1D0093B42F /* TabVC.swift in Sources */ = {isa = PBXBuildFile; fileRef = C9F3E3D1273ADB1D0093B42F /* TabVC.swift */; };
		C9F3E3D4273ADCED0093B42F /* RegisterVC.swift in Sources */ = {isa = PBXBuildFile; fileRef = C9F3E3D3273ADCED0093B42F /* RegisterVC.swift */; };
		C9F3E3D6273AFDA20093B42F /* MyProfileVC.swift in Sources */ = {isa = PBXBuildFile; fileRef = C9F3E3D5273AFDA10093B42F /* MyProfileVC.swift */; };
		C9F3E3D8273AFDB10093B42F /* MapVC.swift in Sources */ = {isa = PBXBuildFile; fileRef = C9F3E3D7273AFDB10093B42F /* MapVC.swift */; };
		C9F3E3DC273AFDCE0093B42F /* ChatVC.swift in Sources */ = {isa = PBXBuildFile; fileRef = C9F3E3DB273AFDCE0093B42F /* ChatVC.swift */; };
		C9F3E3DE273AFE230093B42F /* UsersVC.swift in Sources */ = {isa = PBXBuildFile; fileRef = C9F3E3DD273AFE230093B42F /* UsersVC.swift */; };
		CCA0D6022744D3B400253A85 /* ConversationVC.swift in Sources */ = {isa = PBXBuildFile; fileRef = CCA0D6012744D3B400253A85 /* ConversationVC.swift */; };
		CCB8890227478C5100B5869A /* LocationService.swift in Sources */ = {isa = PBXBuildFile; fileRef = CCB8890127478C5100B5869A /* LocationService.swift */; };
		D36D503995DA990AEAD02CB1 /* Pods_SnapChat.framework in Frameworks */ = {isa = PBXBuildFile; fileRef = 4B2D15505711CF2F539B5554 /* Pods_SnapChat.framework */; };
/* End PBXBuildFile section */

/* Begin PBXFileReference section */
		4B2D15505711CF2F539B5554 /* Pods_SnapChat.framework */ = {isa = PBXFileReference; explicitFileType = wrapper.framework; includeInIndex = 0; path = Pods_SnapChat.framework; sourceTree = BUILT_PRODUCTS_DIR; };
		84374BE927413090008113F1 /* LoginOrRegisterVC.swift */ = {isa = PBXFileReference; lastKnownFileType = sourcecode.swift; path = LoginOrRegisterVC.swift; sourceTree = "<group>"; };
		84374BEB27413510008113F1 /* Conversations.swift */ = {isa = PBXFileReference; lastKnownFileType = sourcecode.swift; path = Conversations.swift; sourceTree = "<group>"; };
		84374BED27413523008113F1 /* Location.swift */ = {isa = PBXFileReference; lastKnownFileType = sourcecode.swift; path = Location.swift; sourceTree = "<group>"; };
		84374BEF27413531008113F1 /* Message.swift */ = {isa = PBXFileReference; lastKnownFileType = sourcecode.swift; path = Message.swift; sourceTree = "<group>"; };
		84374BF12741373E008113F1 /* CamVC.swift */ = {isa = PBXFileReference; lastKnownFileType = sourcecode.swift; path = CamVC.swift; sourceTree = "<group>"; };
		84374C4E2742954B008113F1 /* video4.mp4 */ = {isa = PBXFileReference; lastKnownFileType = file; path = video4.mp4; sourceTree = "<group>"; };
		84374C4F2742954C008113F1 /* video5.mp4 */ = {isa = PBXFileReference; lastKnownFileType = file; path = video5.mp4; sourceTree = "<group>"; };
		84374C502742954C008113F1 /* video.mp4 */ = {isa = PBXFileReference; lastKnownFileType = file; path = video.mp4; sourceTree = "<group>"; };
		84374C512742954D008113F1 /* video8.mp4 */ = {isa = PBXFileReference; lastKnownFileType = file; path = video8.mp4; sourceTree = "<group>"; };
		84374C522742954E008113F1 /* video3.mp4 */ = {isa = PBXFileReference; lastKnownFileType = file; path = video3.mp4; sourceTree = "<group>"; };
		84374C532742954E008113F1 /* video7.mp4 */ = {isa = PBXFileReference; lastKnownFileType = file; path = video7.mp4; sourceTree = "<group>"; };
		84374C542742954F008113F1 /* video6.mp4 */ = {isa = PBXFileReference; lastKnownFileType = file; path = video6.mp4; sourceTree = "<group>"; };
		84374C552742954F008113F1 /* video2.mp4 */ = {isa = PBXFileReference; lastKnownFileType = file; path = video2.mp4; sourceTree = "<group>"; };
		84374C5627429550008113F1 /* video99.MP4 */ = {isa = PBXFileReference; lastKnownFileType = file; path = video99.MP4; sourceTree = "<group>"; };
		84374C6027429571008113F1 /* TikTokVC.swift */ = {isa = PBXFileReference; lastKnownFileType = sourcecode.swift; path = TikTokVC.swift; sourceTree = "<group>"; };
		84374C622742958F008113F1 /* VideoCollectionViewCell.swift */ = {isa = PBXFileReference; lastKnownFileType = sourcecode.swift; path = VideoCollectionViewCell.swift; sourceTree = "<group>"; };
		A529FCFC8E6FE97CD517DA62 /* Pods-SnapChat.release.xcconfig */ = {isa = PBXFileReference; includeInIndex = 1; lastKnownFileType = text.xcconfig; name = "Pods-SnapChat.release.xcconfig"; path = "Target Support Files/Pods-SnapChat/Pods-SnapChat.release.xcconfig"; sourceTree = "<group>"; };
		C953422F273FFA4000E149B0 /* RegisterService.swift */ = {isa = PBXFileReference; lastKnownFileType = sourcecode.swift; path = RegisterService.swift; sourceTree = "<group>"; };
		C9534231273FFAB000E149B0 /* User.swift */ = {isa = PBXFileReference; lastKnownFileType = sourcecode.swift; path = User.swift; sourceTree = "<group>"; };
		C98B5A28274629AB0034166D /* UserService.swift */ = {isa = PBXFileReference; lastKnownFileType = sourcecode.swift; path = UserService.swift; sourceTree = "<group>"; };
		C98B5A5A2746773F0034166D /* GoogleService-Info.plist */ = {isa = PBXFileReference; fileEncoding = 4; lastKnownFileType = text.plist.xml; path = "GoogleService-Info.plist"; sourceTree = "<group>"; };
		C9F3E3BA273AD47A0093B42F /* SnapChat.app */ = {isa = PBXFileReference; explicitFileType = wrapper.application; includeInIndex = 0; path = SnapChat.app; sourceTree = BUILT_PRODUCTS_DIR; };
		C9F3E3BD273AD47A0093B42F /* AppDelegate.swift */ = {isa = PBXFileReference; lastKnownFileType = sourcecode.swift; path = AppDelegate.swift; sourceTree = "<group>"; };
		C9F3E3BF273AD47A0093B42F /* SceneDelegate.swift */ = {isa = PBXFileReference; lastKnownFileType = sourcecode.swift; path = SceneDelegate.swift; sourceTree = "<group>"; };
		C9F3E3C1273AD47A0093B42F /* LogInVC.swift */ = {isa = PBXFileReference; lastKnownFileType = sourcecode.swift; path = LogInVC.swift; sourceTree = "<group>"; };
		C9F3E3C6273AD47C0093B42F /* Assets.xcassets */ = {isa = PBXFileReference; lastKnownFileType = folder.assetcatalog; path = Assets.xcassets; sourceTree = "<group>"; };
		C9F3E3C9273AD47C0093B42F /* Base */ = {isa = PBXFileReference; lastKnownFileType = file.storyboard; name = Base; path = Base.lproj/LaunchScreen.storyboard; sourceTree = "<group>"; };
		C9F3E3CB273AD47C0093B42F /* Info.plist */ = {isa = PBXFileReference; lastKnownFileType = text.plist.xml; path = Info.plist; sourceTree = "<group>"; };
		C9F3E3D1273ADB1D0093B42F /* TabVC.swift */ = {isa = PBXFileReference; lastKnownFileType = sourcecode.swift; path = TabVC.swift; sourceTree = "<group>"; };
		C9F3E3D3273ADCED0093B42F /* RegisterVC.swift */ = {isa = PBXFileReference; lastKnownFileType = sourcecode.swift; path = RegisterVC.swift; sourceTree = "<group>"; };
		C9F3E3D5273AFDA10093B42F /* MyProfileVC.swift */ = {isa = PBXFileReference; lastKnownFileType = sourcecode.swift; path = MyProfileVC.swift; sourceTree = "<group>"; };
		C9F3E3D7273AFDB10093B42F /* MapVC.swift */ = {isa = PBXFileReference; lastKnownFileType = sourcecode.swift; path = MapVC.swift; sourceTree = "<group>"; };
		C9F3E3DB273AFDCE0093B42F /* ChatVC.swift */ = {isa = PBXFileReference; lastKnownFileType = sourcecode.swift; path = ChatVC.swift; sourceTree = "<group>"; };
		C9F3E3DD273AFE230093B42F /* UsersVC.swift */ = {isa = PBXFileReference; lastKnownFileType = sourcecode.swift; path = UsersVC.swift; sourceTree = "<group>"; };
		CCA0D6012744D3B400253A85 /* ConversationVC.swift */ = {isa = PBXFileReference; lastKnownFileType = sourcecode.swift; path = ConversationVC.swift; sourceTree = "<group>"; };
		CCB8890127478C5100B5869A /* LocationService.swift */ = {isa = PBXFileReference; lastKnownFileType = sourcecode.swift; path = LocationService.swift; sourceTree = "<group>"; };
		D72834839C2AD10D690C3792 /* Pods-SnapChat.debug.xcconfig */ = {isa = PBXFileReference; includeInIndex = 1; lastKnownFileType = text.xcconfig; name = "Pods-SnapChat.debug.xcconfig"; path = "Target Support Files/Pods-SnapChat/Pods-SnapChat.debug.xcconfig"; sourceTree = "<group>"; };
/* End PBXFileReference section */

/* Begin PBXFrameworksBuildPhase section */
		C9F3E3B7273AD47A0093B42F /* Frameworks */ = {
			isa = PBXFrameworksBuildPhase;
			buildActionMask = 2147483647;
			files = (
				D36D503995DA990AEAD02CB1 /* Pods_SnapChat.framework in Frameworks */,
			);
			runOnlyForDeploymentPostprocessing = 0;
		};
/* End PBXFrameworksBuildPhase section */

/* Begin PBXGroup section */
		43AF6984419671BC5F30F488 /* Frameworks */ = {
			isa = PBXGroup;
			children = (
				4B2D15505711CF2F539B5554 /* Pods_SnapChat.framework */,
			);
			name = Frameworks;
			sourceTree = "<group>";
		};
		84374C4D2742951F008113F1 /* TikTok */ = {
			isa = PBXGroup;
			children = (
				84374C502742954C008113F1 /* video.mp4 */,
				84374C552742954F008113F1 /* video2.mp4 */,
				84374C522742954E008113F1 /* video3.mp4 */,
				84374C4E2742954B008113F1 /* video4.mp4 */,
				84374C4F2742954C008113F1 /* video5.mp4 */,
				84374C542742954F008113F1 /* video6.mp4 */,
				84374C532742954E008113F1 /* video7.mp4 */,
				84374C512742954D008113F1 /* video8.mp4 */,
				84374C5627429550008113F1 /* video99.MP4 */,
				84374C6027429571008113F1 /* TikTokVC.swift */,
				84374C622742958F008113F1 /* VideoCollectionViewCell.swift */,
			);
			path = TikTok;
			sourceTree = "<group>";
		};
		C9534235274122F700E149B0 /* Services */ = {
			isa = PBXGroup;
			children = (
				C953422F273FFA4000E149B0 /* RegisterService.swift */,
				C98B5A28274629AB0034166D /* UserService.swift */,
				CCB8890127478C5100B5869A /* LocationService.swift */,
			);
			path = Services;
			sourceTree = "<group>";
		};
		C95342362741232B00E149B0 /* Models */ = {
			isa = PBXGroup;
			children = (
				C9534231273FFAB000E149B0 /* User.swift */,
				84374BEB27413510008113F1 /* Conversations.swift */,
				84374BED27413523008113F1 /* Location.swift */,
				84374BEF27413531008113F1 /* Message.swift */,
			);
			path = Models;
			sourceTree = "<group>";
		};
		C9534237274123A000E149B0 /* Controllers */ = {
			isa = PBXGroup;
			children = (
				C9F3E3DB273AFDCE0093B42F /* ChatVC.swift */,
				C9F3E3C1273AD47A0093B42F /* LogInVC.swift */,
				84374BE927413090008113F1 /* LoginOrRegisterVC.swift */,
				C9F3E3D3273ADCED0093B42F /* RegisterVC.swift */,
				84374BF12741373E008113F1 /* CamVC.swift */,
				C9F3E3D7273AFDB10093B42F /* MapVC.swift */,
				C9F3E3D5273AFDA10093B42F /* MyProfileVC.swift */,
				C9F3E3D1273ADB1D0093B42F /* TabVC.swift */,
				C9F3E3DD273AFE230093B42F /* UsersVC.swift */,
				CCA0D6012744D3B400253A85 /* ConversationVC.swift */,
			);
			path = Controllers;
			sourceTree = "<group>";
		};
		C9F3E3B1273AD47A0093B42F = {
			isa = PBXGroup;
			children = (
				C9F3E3BC273AD47A0093B42F /* SnapChat */,
				C9F3E3BB273AD47A0093B42F /* Products */,
				D9C0927179A79F32A7654038 /* Pods */,
				43AF6984419671BC5F30F488 /* Frameworks */,
			);
			sourceTree = "<group>";
		};
		C9F3E3BB273AD47A0093B42F /* Products */ = {
			isa = PBXGroup;
			children = (
				C9F3E3BA273AD47A0093B42F /* SnapChat.app */,
			);
			name = Products;
			sourceTree = "<group>";
		};
		C9F3E3BC273AD47A0093B42F /* SnapChat */ = {
			isa = PBXGroup;
			children = (
				C98B5A5A2746773F0034166D /* GoogleService-Info.plist */,
				84374C4D2742951F008113F1 /* TikTok */,
				C95342362741232B00E149B0 /* Models */,
				C9534235274122F700E149B0 /* Services */,
				C9534237274123A000E149B0 /* Controllers */,
				C9F3E3C6273AD47C0093B42F /* Assets.xcassets */,
				C9F3E3BD273AD47A0093B42F /* AppDelegate.swift */,
				C9F3E3BF273AD47A0093B42F /* SceneDelegate.swift */,
				C9F3E3C8273AD47C0093B42F /* LaunchScreen.storyboard */,
				C9F3E3CB273AD47C0093B42F /* Info.plist */,
			);
			path = SnapChat;
			sourceTree = "<group>";
		};
		D9C0927179A79F32A7654038 /* Pods */ = {
			isa = PBXGroup;
			children = (
				D72834839C2AD10D690C3792 /* Pods-SnapChat.debug.xcconfig */,
				A529FCFC8E6FE97CD517DA62 /* Pods-SnapChat.release.xcconfig */,
			);
			path = Pods;
			sourceTree = "<group>";
		};
/* End PBXGroup section */

/* Begin PBXNativeTarget section */
		C9F3E3B9273AD47A0093B42F /* SnapChat */ = {
			isa = PBXNativeTarget;
			buildConfigurationList = C9F3E3CE273AD47C0093B42F /* Build configuration list for PBXNativeTarget "SnapChat" */;
			buildPhases = (
				C9AB50E8F72A1CAD4A0614B6 /* [CP] Check Pods Manifest.lock */,
				C9F3E3B6273AD47A0093B42F /* Sources */,
				C9F3E3B7273AD47A0093B42F /* Frameworks */,
				C9F3E3B8273AD47A0093B42F /* Resources */,
				0DFDF72083CACE075A0B3397 /* [CP] Embed Pods Frameworks */,
			);
			buildRules = (
			);
			dependencies = (
			);
			name = SnapChat;
			productName = SnapChat;
			productReference = C9F3E3BA273AD47A0093B42F /* SnapChat.app */;
			productType = "com.apple.product-type.application";
		};
/* End PBXNativeTarget section */

/* Begin PBXProject section */
		C9F3E3B2273AD47A0093B42F /* Project object */ = {
			isa = PBXProject;
			attributes = {
				BuildIndependentTargetsInParallel = 1;
				LastSwiftUpdateCheck = 1310;
				LastUpgradeCheck = 1310;
				TargetAttributes = {
					C9F3E3B9273AD47A0093B42F = {
						CreatedOnToolsVersion = 13.1;
					};
				};
			};
			buildConfigurationList = C9F3E3B5273AD47A0093B42F /* Build configuration list for PBXProject "SnapChat" */;
			compatibilityVersion = "Xcode 13.0";
			developmentRegion = en;
			hasScannedForEncodings = 0;
			knownRegions = (
				en,
				Base,
			);
			mainGroup = C9F3E3B1273AD47A0093B42F;
			productRefGroup = C9F3E3BB273AD47A0093B42F /* Products */;
			projectDirPath = "";
			projectRoot = "";
			targets = (
				C9F3E3B9273AD47A0093B42F /* SnapChat */,
			);
		};
/* End PBXProject section */

/* Begin PBXResourcesBuildPhase section */
		C9F3E3B8273AD47A0093B42F /* Resources */ = {
			isa = PBXResourcesBuildPhase;
			buildActionMask = 2147483647;
			files = (
				84374C5727429550008113F1 /* video4.mp4 in Resources */,
				84374C5F27429550008113F1 /* video99.MP4 in Resources */,
				84374C5A27429550008113F1 /* video8.mp4 in Resources */,
				84374C5927429550008113F1 /* video.mp4 in Resources */,
				84374C5C27429550008113F1 /* video7.mp4 in Resources */,
				C98B5A5B2746773F0034166D /* GoogleService-Info.plist in Resources */,
				84374C5B27429550008113F1 /* video3.mp4 in Resources */,
				84374C5E27429550008113F1 /* video2.mp4 in Resources */,
				C9F3E3CA273AD47C0093B42F /* LaunchScreen.storyboard in Resources */,
				84374C5827429550008113F1 /* video5.mp4 in Resources */,
				84374C5D27429550008113F1 /* video6.mp4 in Resources */,
				C9F3E3C7273AD47C0093B42F /* Assets.xcassets in Resources */,
			);
			runOnlyForDeploymentPostprocessing = 0;
		};
/* End PBXResourcesBuildPhase section */

/* Begin PBXShellScriptBuildPhase section */
		0DFDF72083CACE075A0B3397 /* [CP] Embed Pods Frameworks */ = {
			isa = PBXShellScriptBuildPhase;
			buildActionMask = 2147483647;
			files = (
			);
			inputFileListPaths = (
				"${PODS_ROOT}/Target Support Files/Pods-SnapChat/Pods-SnapChat-frameworks-${CONFIGURATION}-input-files.xcfilelist",
			);
			name = "[CP] Embed Pods Frameworks";
			outputFileListPaths = (
				"${PODS_ROOT}/Target Support Files/Pods-SnapChat/Pods-SnapChat-frameworks-${CONFIGURATION}-output-files.xcfilelist",
			);
			runOnlyForDeploymentPostprocessing = 0;
			shellPath = /bin/sh;
			shellScript = "\"${PODS_ROOT}/Target Support Files/Pods-SnapChat/Pods-SnapChat-frameworks.sh\"\n";
			showEnvVarsInLog = 0;
		};
		C9AB50E8F72A1CAD4A0614B6 /* [CP] Check Pods Manifest.lock */ = {
			isa = PBXShellScriptBuildPhase;
			buildActionMask = 2147483647;
			files = (
			);
			inputFileListPaths = (
			);
			inputPaths = (
				"${PODS_PODFILE_DIR_PATH}/Podfile.lock",
				"${PODS_ROOT}/Manifest.lock",
			);
			name = "[CP] Check Pods Manifest.lock";
			outputFileListPaths = (
			);
			outputPaths = (
				"$(DERIVED_FILE_DIR)/Pods-SnapChat-checkManifestLockResult.txt",
			);
			runOnlyForDeploymentPostprocessing = 0;
			shellPath = /bin/sh;
			shellScript = "diff \"${PODS_PODFILE_DIR_PATH}/Podfile.lock\" \"${PODS_ROOT}/Manifest.lock\" > /dev/null\nif [ $? != 0 ] ; then\n    # print error to STDERR\n    echo \"error: The sandbox is not in sync with the Podfile.lock. Run 'pod install' or update your CocoaPods installation.\" >&2\n    exit 1\nfi\n# This output is used by Xcode 'outputs' to avoid re-running this script phase.\necho \"SUCCESS\" > \"${SCRIPT_OUTPUT_FILE_0}\"\n";
			showEnvVarsInLog = 0;
		};
/* End PBXShellScriptBuildPhase section */

/* Begin PBXSourcesBuildPhase section */
		C9F3E3B6273AD47A0093B42F /* Sources */ = {
			isa = PBXSourcesBuildPhase;
			buildActionMask = 2147483647;
			files = (
				84374C632742958F008113F1 /* VideoCollectionViewCell.swift in Sources */,
				84374BF22741373E008113F1 /* CamVC.swift in Sources */,
				C9F3E3DC273AFDCE0093B42F /* ChatVC.swift in Sources */,
				C9534232273FFAB000E149B0 /* User.swift in Sources */,
				C98B5A29274629AB0034166D /* UserService.swift in Sources */,
				C9F3E3D6273AFDA20093B42F /* MyProfileVC.swift in Sources */,
				CCA0D6022744D3B400253A85 /* ConversationVC.swift in Sources */,
				C9F3E3C2273AD47A0093B42F /* LogInVC.swift in Sources */,
				84374C6127429571008113F1 /* TikTokVC.swift in Sources */,
				84374BEA27413090008113F1 /* LoginOrRegisterVC.swift in Sources */,
				84374BEC27413510008113F1 /* Conversations.swift in Sources */,
				84374BEE27413523008113F1 /* Location.swift in Sources */,
				C9F3E3BE273AD47A0093B42F /* AppDelegate.swift in Sources */,
				C9F3E3D2273ADB1D0093B42F /* TabVC.swift in Sources */,
				C9F3E3D8273AFDB10093B42F /* MapVC.swift in Sources */,
				C9534230273FFA4000E149B0 /* RegisterService.swift in Sources */,
				CCB8890227478C5100B5869A /* LocationService.swift in Sources */,
				C9F3E3D4273ADCED0093B42F /* RegisterVC.swift in Sources */,
				84374BF027413531008113F1 /* Message.swift in Sources */,
				C9F3E3DE273AFE230093B42F /* UsersVC.swift in Sources */,
				C9F3E3C0273AD47A0093B42F /* SceneDelegate.swift in Sources */,
			);
			runOnlyForDeploymentPostprocessing = 0;
		};
/* End PBXSourcesBuildPhase section */

/* Begin PBXVariantGroup section */
		C9F3E3C8273AD47C0093B42F /* LaunchScreen.storyboard */ = {
			isa = PBXVariantGroup;
			children = (
				C9F3E3C9273AD47C0093B42F /* Base */,
			);
			name = LaunchScreen.storyboard;
			sourceTree = "<group>";
		};
/* End PBXVariantGroup section */

/* Begin XCBuildConfiguration section */
		C9F3E3CC273AD47C0093B42F /* Debug */ = {
			isa = XCBuildConfiguration;
			buildSettings = {
				ALWAYS_SEARCH_USER_PATHS = NO;
				CLANG_ANALYZER_NONNULL = YES;
				CLANG_ANALYZER_NUMBER_OBJECT_CONVERSION = YES_AGGRESSIVE;
				CLANG_CXX_LANGUAGE_STANDARD = "gnu++17";
				CLANG_CXX_LIBRARY = "libc++";
				CLANG_ENABLE_MODULES = YES;
				CLANG_ENABLE_OBJC_ARC = YES;
				CLANG_ENABLE_OBJC_WEAK = YES;
				CLANG_WARN_BLOCK_CAPTURE_AUTORELEASING = YES;
				CLANG_WARN_BOOL_CONVERSION = YES;
				CLANG_WARN_COMMA = YES;
				CLANG_WARN_CONSTANT_CONVERSION = YES;
				CLANG_WARN_DEPRECATED_OBJC_IMPLEMENTATIONS = YES;
				CLANG_WARN_DIRECT_OBJC_ISA_USAGE = YES_ERROR;
				CLANG_WARN_DOCUMENTATION_COMMENTS = YES;
				CLANG_WARN_EMPTY_BODY = YES;
				CLANG_WARN_ENUM_CONVERSION = YES;
				CLANG_WARN_INFINITE_RECURSION = YES;
				CLANG_WARN_INT_CONVERSION = YES;
				CLANG_WARN_NON_LITERAL_NULL_CONVERSION = YES;
				CLANG_WARN_OBJC_IMPLICIT_RETAIN_SELF = YES;
				CLANG_WARN_OBJC_LITERAL_CONVERSION = YES;
				CLANG_WARN_OBJC_ROOT_CLASS = YES_ERROR;
				CLANG_WARN_QUOTED_INCLUDE_IN_FRAMEWORK_HEADER = YES;
				CLANG_WARN_RANGE_LOOP_ANALYSIS = YES;
				CLANG_WARN_STRICT_PROTOTYPES = YES;
				CLANG_WARN_SUSPICIOUS_MOVE = YES;
				CLANG_WARN_UNGUARDED_AVAILABILITY = YES_AGGRESSIVE;
				CLANG_WARN_UNREACHABLE_CODE = YES;
				CLANG_WARN__DUPLICATE_METHOD_MATCH = YES;
				COPY_PHASE_STRIP = NO;
				DEBUG_INFORMATION_FORMAT = dwarf;
				ENABLE_STRICT_OBJC_MSGSEND = YES;
				ENABLE_TESTABILITY = YES;
				GCC_C_LANGUAGE_STANDARD = gnu11;
				GCC_DYNAMIC_NO_PIC = NO;
				GCC_NO_COMMON_BLOCKS = YES;
				GCC_OPTIMIZATION_LEVEL = 0;
				GCC_PREPROCESSOR_DEFINITIONS = (
					"DEBUG=1",
					"$(inherited)",
				);
				GCC_WARN_64_TO_32_BIT_CONVERSION = YES;
				GCC_WARN_ABOUT_RETURN_TYPE = YES_ERROR;
				GCC_WARN_UNDECLARED_SELECTOR = YES;
				GCC_WARN_UNINITIALIZED_AUTOS = YES_AGGRESSIVE;
				GCC_WARN_UNUSED_FUNCTION = YES;
				GCC_WARN_UNUSED_VARIABLE = YES;
				IPHONEOS_DEPLOYMENT_TARGET = 15.0;
				MTL_ENABLE_DEBUG_INFO = INCLUDE_SOURCE;
				MTL_FAST_MATH = YES;
				ONLY_ACTIVE_ARCH = YES;
				SDKROOT = iphoneos;
				SWIFT_ACTIVE_COMPILATION_CONDITIONS = DEBUG;
				SWIFT_OPTIMIZATION_LEVEL = "-Onone";
			};
			name = Debug;
		};
		C9F3E3CD273AD47C0093B42F /* Release */ = {
			isa = XCBuildConfiguration;
			buildSettings = {
				ALWAYS_SEARCH_USER_PATHS = NO;
				CLANG_ANALYZER_NONNULL = YES;
				CLANG_ANALYZER_NUMBER_OBJECT_CONVERSION = YES_AGGRESSIVE;
				CLANG_CXX_LANGUAGE_STANDARD = "gnu++17";
				CLANG_CXX_LIBRARY = "libc++";
				CLANG_ENABLE_MODULES = YES;
				CLANG_ENABLE_OBJC_ARC = YES;
				CLANG_ENABLE_OBJC_WEAK = YES;
				CLANG_WARN_BLOCK_CAPTURE_AUTORELEASING = YES;
				CLANG_WARN_BOOL_CONVERSION = YES;
				CLANG_WARN_COMMA = YES;
				CLANG_WARN_CONSTANT_CONVERSION = YES;
				CLANG_WARN_DEPRECATED_OBJC_IMPLEMENTATIONS = YES;
				CLANG_WARN_DIRECT_OBJC_ISA_USAGE = YES_ERROR;
				CLANG_WARN_DOCUMENTATION_COMMENTS = YES;
				CLANG_WARN_EMPTY_BODY = YES;
				CLANG_WARN_ENUM_CONVERSION = YES;
				CLANG_WARN_INFINITE_RECURSION = YES;
				CLANG_WARN_INT_CONVERSION = YES;
				CLANG_WARN_NON_LITERAL_NULL_CONVERSION = YES;
				CLANG_WARN_OBJC_IMPLICIT_RETAIN_SELF = YES;
				CLANG_WARN_OBJC_LITERAL_CONVERSION = YES;
				CLANG_WARN_OBJC_ROOT_CLASS = YES_ERROR;
				CLANG_WARN_QUOTED_INCLUDE_IN_FRAMEWORK_HEADER = YES;
				CLANG_WARN_RANGE_LOOP_ANALYSIS = YES;
				CLANG_WARN_STRICT_PROTOTYPES = YES;
				CLANG_WARN_SUSPICIOUS_MOVE = YES;
				CLANG_WARN_UNGUARDED_AVAILABILITY = YES_AGGRESSIVE;
				CLANG_WARN_UNREACHABLE_CODE = YES;
				CLANG_WARN__DUPLICATE_METHOD_MATCH = YES;
				COPY_PHASE_STRIP = NO;
				DEBUG_INFORMATION_FORMAT = "dwarf-with-dsym";
				ENABLE_NS_ASSERTIONS = NO;
				ENABLE_STRICT_OBJC_MSGSEND = YES;
				GCC_C_LANGUAGE_STANDARD = gnu11;
				GCC_NO_COMMON_BLOCKS = YES;
				GCC_WARN_64_TO_32_BIT_CONVERSION = YES;
				GCC_WARN_ABOUT_RETURN_TYPE = YES_ERROR;
				GCC_WARN_UNDECLARED_SELECTOR = YES;
				GCC_WARN_UNINITIALIZED_AUTOS = YES_AGGRESSIVE;
				GCC_WARN_UNUSED_FUNCTION = YES;
				GCC_WARN_UNUSED_VARIABLE = YES;
				IPHONEOS_DEPLOYMENT_TARGET = 15.0;
				MTL_ENABLE_DEBUG_INFO = NO;
				MTL_FAST_MATH = YES;
				SDKROOT = iphoneos;
				SWIFT_COMPILATION_MODE = wholemodule;
				SWIFT_OPTIMIZATION_LEVEL = "-O";
				VALIDATE_PRODUCT = YES;
			};
			name = Release;
		};
		C9F3E3CF273AD47C0093B42F /* Debug */ = {
			isa = XCBuildConfiguration;
			baseConfigurationReference = D72834839C2AD10D690C3792 /* Pods-SnapChat.debug.xcconfig */;
			buildSettings = {
				ASSETCATALOG_COMPILER_APPICON_NAME = AppIcon;
				ASSETCATALOG_COMPILER_GLOBAL_ACCENT_COLOR_NAME = AccentColor;
				CODE_SIGN_STYLE = Automatic;
				CURRENT_PROJECT_VERSION = 1;
				DEVELOPMENT_TEAM = UR32GJ5485;
				GENERATE_INFOPLIST_FILE = YES;
				INFOPLIST_FILE = SnapChat/Info.plist;
				INFOPLIST_KEY_UIApplicationSupportsIndirectInputEvents = YES;
				INFOPLIST_KEY_UILaunchStoryboardName = LaunchScreen;
				INFOPLIST_KEY_UISupportedInterfaceOrientations_iPad = "UIInterfaceOrientationPortrait UIInterfaceOrientationPortraitUpsideDown UIInterfaceOrientationLandscapeLeft UIInterfaceOrientationLandscapeRight";
				INFOPLIST_KEY_UISupportedInterfaceOrientations_iPhone = "UIInterfaceOrientationPortrait UIInterfaceOrientationLandscapeLeft UIInterfaceOrientationLandscapeRight";
				LD_RUNPATH_SEARCH_PATHS = (
					"$(inherited)",
					"@executable_path/Frameworks",
				);
				MARKETING_VERSION = 1.0;
				PRODUCT_BUNDLE_IDENTIFIER = com.amal.SnapChat;
				PRODUCT_NAME = "$(TARGET_NAME)";
				SWIFT_EMIT_LOC_STRINGS = YES;
				SWIFT_VERSION = 5.0;
				TARGETED_DEVICE_FAMILY = "1,2";
			};
			name = Debug;
		};
		C9F3E3D0273AD47C0093B42F /* Release */ = {
			isa = XCBuildConfiguration;
			baseConfigurationReference = A529FCFC8E6FE97CD517DA62 /* Pods-SnapChat.release.xcconfig */;
			buildSettings = {
				ASSETCATALOG_COMPILER_APPICON_NAME = AppIcon;
				ASSETCATALOG_COMPILER_GLOBAL_ACCENT_COLOR_NAME = AccentColor;
				CODE_SIGN_STYLE = Automatic;
				CURRENT_PROJECT_VERSION = 1;
				DEVELOPMENT_TEAM = UR32GJ5485;
				GENERATE_INFOPLIST_FILE = YES;
				INFOPLIST_FILE = SnapChat/Info.plist;
				INFOPLIST_KEY_UIApplicationSupportsIndirectInputEvents = YES;
				INFOPLIST_KEY_UILaunchStoryboardName = LaunchScreen;
				INFOPLIST_KEY_UISupportedInterfaceOrientations_iPad = "UIInterfaceOrientationPortrait UIInterfaceOrientationPortraitUpsideDown UIInterfaceOrientationLandscapeLeft UIInterfaceOrientationLandscapeRight";
				INFOPLIST_KEY_UISupportedInterfaceOrientations_iPhone = "UIInterfaceOrientationPortrait UIInterfaceOrientationLandscapeLeft UIInterfaceOrientationLandscapeRight";
				LD_RUNPATH_SEARCH_PATHS = (
					"$(inherited)",
					"@executable_path/Frameworks",
				);
				MARKETING_VERSION = 1.0;
				PRODUCT_BUNDLE_IDENTIFIER = com.amal.SnapChat;
				PRODUCT_NAME = "$(TARGET_NAME)";
				SWIFT_EMIT_LOC_STRINGS = YES;
				SWIFT_VERSION = 5.0;
				TARGETED_DEVICE_FAMILY = "1,2";
			};
			name = Release;
		};
/* End XCBuildConfiguration section */

/* Begin XCConfigurationList section */
		C9F3E3B5273AD47A0093B42F /* Build configuration list for PBXProject "SnapChat" */ = {
			isa = XCConfigurationList;
			buildConfigurations = (
				C9F3E3CC273AD47C0093B42F /* Debug */,
				C9F3E3CD273AD47C0093B42F /* Release */,
			);
			defaultConfigurationIsVisible = 0;
			defaultConfigurationName = Release;
		};
		C9F3E3CE273AD47C0093B42F /* Build configuration list for PBXNativeTarget "SnapChat" */ = {
			isa = XCConfigurationList;
			buildConfigurations = (
				C9F3E3CF273AD47C0093B42F /* Debug */,
				C9F3E3D0273AD47C0093B42F /* Release */,
			);
			defaultConfigurationIsVisible = 0;
			defaultConfigurationName = Release;
		};
/* End XCConfigurationList section */
	};
	rootObject = C9F3E3B2273AD47A0093B42F /* Project object */;
}
