// !$*UTF8*$!
{
	archiveVersion = 1;
	classes = {
	};
	objectVersion = 55;
	objects = {

/* Begin PBXBuildFile section */
		4251926A89B26190DE3D1E96 /* Pods_SnnapChatApp.framework in Frameworks */ = {isa = PBXBuildFile; fileRef = BD353D60583F8EE4C101AE7A /* Pods_SnnapChatApp.framework */; };
		B531475E27424CE400CDA765 /* LoginViewController.swift in Sources */ = {isa = PBXBuildFile; fileRef = B531475D27424CE400CDA765 /* LoginViewController.swift */; };
		B531476027424D0300CDA765 /* TabVC.swift in Sources */ = {isa = PBXBuildFile; fileRef = B531475F27424D0300CDA765 /* TabVC.swift */; };
		B531476227424D1100CDA765 /* ChatVC.swift in Sources */ = {isa = PBXBuildFile; fileRef = B531476127424D1100CDA765 /* ChatVC.swift */; };
		B531476427424D3900CDA765 /* ProfileVC.swift in Sources */ = {isa = PBXBuildFile; fileRef = B531476327424D3900CDA765 /* ProfileVC.swift */; };
		B531476627424D4E00CDA765 /* User.swift in Sources */ = {isa = PBXBuildFile; fileRef = B531476527424D4E00CDA765 /* User.swift */; };
		B531476827424D5D00CDA765 /* Message.swift in Sources */ = {isa = PBXBuildFile; fileRef = B531476727424D5D00CDA765 /* Message.swift */; };
		B531476A27424D9600CDA765 /* SignUpViewController.swift in Sources */ = {isa = PBXBuildFile; fileRef = B531476927424D9600CDA765 /* SignUpViewController.swift */; };
		B531476C27424DB800CDA765 /* UsersViewController.swift in Sources */ = {isa = PBXBuildFile; fileRef = B531476B27424DB800CDA765 /* UsersViewController.swift */; };
		B531476E274251F300CDA765 /* LocationVC.swift in Sources */ = {isa = PBXBuildFile; fileRef = B531476D274251F300CDA765 /* LocationVC.swift */; };
		B531477227427EBF00CDA765 /* GoogleService-Info.plist in Resources */ = {isa = PBXBuildFile; fileRef = B531477127427EBF00CDA765 /* GoogleService-Info.plist */; };
		B531477427429A3F00CDA765 /* CameraVC.swift in Sources */ = {isa = PBXBuildFile; fileRef = B531477327429A3F00CDA765 /* CameraVC.swift */; };
		B53147762742CD6000CDA765 /* ContactListVC.swift in Sources */ = {isa = PBXBuildFile; fileRef = B53147752742CD6000CDA765 /* ContactListVC.swift */; };
		B536E6D627424A040067175A /* AppDelegate.swift in Sources */ = {isa = PBXBuildFile; fileRef = B536E6D527424A040067175A /* AppDelegate.swift */; };
		B536E6D827424A040067175A /* SceneDelegate.swift in Sources */ = {isa = PBXBuildFile; fileRef = B536E6D727424A040067175A /* SceneDelegate.swift */; };
		B536E6DF27424A060067175A /* Assets.xcassets in Resources */ = {isa = PBXBuildFile; fileRef = B536E6DE27424A060067175A /* Assets.xcassets */; };
		B536E6E227424A060067175A /* LaunchScreen.storyboard in Resources */ = {isa = PBXBuildFile; fileRef = B536E6E027424A060067175A /* LaunchScreen.storyboard */; };
		B56A5C6E2743A04300BCAF0D /* MessagesService.swift in Sources */ = {isa = PBXBuildFile; fileRef = B56A5C6D2743A04300BCAF0D /* MessagesService.swift */; };
		B56A5C702743A05300BCAF0D /* UsersService.swift in Sources */ = {isa = PBXBuildFile; fileRef = B56A5C6F2743A05300BCAF0D /* UsersService.swift */; };
		E660E2192743CC99004D4220 /* TikTokVC.swift in Sources */ = {isa = PBXBuildFile; fileRef = E660E2182743CC99004D4220 /* TikTokVC.swift */; };
/* End PBXBuildFile section */

/* Begin PBXFileReference section */
		8C50D33890923CCC40EC3C33 /* Pods-SnnapChatApp.debug.xcconfig */ = {isa = PBXFileReference; includeInIndex = 1; lastKnownFileType = text.xcconfig; name = "Pods-SnnapChatApp.debug.xcconfig"; path = "Target Support Files/Pods-SnnapChatApp/Pods-SnnapChatApp.debug.xcconfig"; sourceTree = "<group>"; };
		9F60101B5808215A3061E9CB /* Pods-SnnapChatApp.release.xcconfig */ = {isa = PBXFileReference; includeInIndex = 1; lastKnownFileType = text.xcconfig; name = "Pods-SnnapChatApp.release.xcconfig"; path = "Target Support Files/Pods-SnnapChatApp/Pods-SnnapChatApp.release.xcconfig"; sourceTree = "<group>"; };
		B531475D27424CE400CDA765 /* LoginViewController.swift */ = {isa = PBXFileReference; lastKnownFileType = sourcecode.swift; path = LoginViewController.swift; sourceTree = "<group>"; };
		B531475F27424D0300CDA765 /* TabVC.swift */ = {isa = PBXFileReference; lastKnownFileType = sourcecode.swift; path = TabVC.swift; sourceTree = "<group>"; };
		B531476127424D1100CDA765 /* ChatVC.swift */ = {isa = PBXFileReference; lastKnownFileType = sourcecode.swift; path = ChatVC.swift; sourceTree = "<group>"; };
		B531476327424D3900CDA765 /* ProfileVC.swift */ = {isa = PBXFileReference; lastKnownFileType = sourcecode.swift; path = ProfileVC.swift; sourceTree = "<group>"; };
		B531476527424D4E00CDA765 /* User.swift */ = {isa = PBXFileReference; lastKnownFileType = sourcecode.swift; path = User.swift; sourceTree = "<group>"; };
		B531476727424D5D00CDA765 /* Message.swift */ = {isa = PBXFileReference; lastKnownFileType = sourcecode.swift; path = Message.swift; sourceTree = "<group>"; };
		B531476927424D9600CDA765 /* SignUpViewController.swift */ = {isa = PBXFileReference; lastKnownFileType = sourcecode.swift; path = SignUpViewController.swift; sourceTree = "<group>"; };
		B531476B27424DB800CDA765 /* UsersViewController.swift */ = {isa = PBXFileReference; lastKnownFileType = sourcecode.swift; path = UsersViewController.swift; sourceTree = "<group>"; };
		B531476D274251F300CDA765 /* LocationVC.swift */ = {isa = PBXFileReference; lastKnownFileType = sourcecode.swift; path = LocationVC.swift; sourceTree = "<group>"; };
		B531477127427EBF00CDA765 /* GoogleService-Info.plist */ = {isa = PBXFileReference; fileEncoding = 4; lastKnownFileType = text.plist.xml; path = "GoogleService-Info.plist"; sourceTree = "<group>"; };
		B531477327429A3F00CDA765 /* CameraVC.swift */ = {isa = PBXFileReference; lastKnownFileType = sourcecode.swift; path = CameraVC.swift; sourceTree = "<group>"; };
		B53147752742CD6000CDA765 /* ContactListVC.swift */ = {isa = PBXFileReference; lastKnownFileType = sourcecode.swift; path = ContactListVC.swift; sourceTree = "<group>"; };
		B536E6D227424A040067175A /* SnnapChatApp.app */ = {isa = PBXFileReference; explicitFileType = wrapper.application; includeInIndex = 0; path = SnnapChatApp.app; sourceTree = BUILT_PRODUCTS_DIR; };
		B536E6D527424A040067175A /* AppDelegate.swift */ = {isa = PBXFileReference; lastKnownFileType = sourcecode.swift; path = AppDelegate.swift; sourceTree = "<group>"; };
		B536E6D727424A040067175A /* SceneDelegate.swift */ = {isa = PBXFileReference; lastKnownFileType = sourcecode.swift; path = SceneDelegate.swift; sourceTree = "<group>"; };
		B536E6DE27424A060067175A /* Assets.xcassets */ = {isa = PBXFileReference; lastKnownFileType = folder.assetcatalog; path = Assets.xcassets; sourceTree = "<group>"; };
		B536E6E127424A060067175A /* Base */ = {isa = PBXFileReference; lastKnownFileType = file.storyboard; name = Base; path = Base.lproj/LaunchScreen.storyboard; sourceTree = "<group>"; };
		B536E6E327424A060067175A /* Info.plist */ = {isa = PBXFileReference; lastKnownFileType = text.plist.xml; path = Info.plist; sourceTree = "<group>"; };
		B56A5C6D2743A04300BCAF0D /* MessagesService.swift */ = {isa = PBXFileReference; lastKnownFileType = sourcecode.swift; path = MessagesService.swift; sourceTree = "<group>"; };
		B56A5C6F2743A05300BCAF0D /* UsersService.swift */ = {isa = PBXFileReference; lastKnownFileType = sourcecode.swift; path = UsersService.swift; sourceTree = "<group>"; };
		BD353D60583F8EE4C101AE7A /* Pods_SnnapChatApp.framework */ = {isa = PBXFileReference; explicitFileType = wrapper.framework; includeInIndex = 0; path = Pods_SnnapChatApp.framework; sourceTree = BUILT_PRODUCTS_DIR; };
		E660E2182743CC99004D4220 /* TikTokVC.swift */ = {isa = PBXFileReference; lastKnownFileType = sourcecode.swift; path = TikTokVC.swift; sourceTree = "<group>"; };
/* End PBXFileReference section */

/* Begin PBXFrameworksBuildPhase section */
		B536E6CF27424A040067175A /* Frameworks */ = {
			isa = PBXFrameworksBuildPhase;
			buildActionMask = 2147483647;
			files = (
				4251926A89B26190DE3D1E96 /* Pods_SnnapChatApp.framework in Frameworks */,
			);
			runOnlyForDeploymentPostprocessing = 0;
		};
/* End PBXFrameworksBuildPhase section */

/* Begin PBXGroup section */
		4DDDC17B6352D8778F68EDB0 /* Pods */ = {
			isa = PBXGroup;
			children = (
				8C50D33890923CCC40EC3C33 /* Pods-SnnapChatApp.debug.xcconfig */,
				9F60101B5808215A3061E9CB /* Pods-SnnapChatApp.release.xcconfig */,
			);
			path = Pods;
			sourceTree = "<group>";
		};
		92186A387DDA86018EB0D7C4 /* Frameworks */ = {
			isa = PBXGroup;
			children = (
				BD353D60583F8EE4C101AE7A /* Pods_SnnapChatApp.framework */,
			);
			name = Frameworks;
			sourceTree = "<group>";
		};
		B536E6C927424A040067175A = {
			isa = PBXGroup;
			children = (
				B536E6D427424A040067175A /* SnnapChatApp */,
				B536E6D327424A040067175A /* Products */,
				4DDDC17B6352D8778F68EDB0 /* Pods */,
				92186A387DDA86018EB0D7C4 /* Frameworks */,
			);
			sourceTree = "<group>";
		};
		B536E6D327424A040067175A /* Products */ = {
			isa = PBXGroup;
			children = (
				B536E6D227424A040067175A /* SnnapChatApp.app */,
			);
			name = Products;
			sourceTree = "<group>";
		};
		B536E6D427424A040067175A /* SnnapChatApp */ = {
			isa = PBXGroup;
			children = (
				B531477127427EBF00CDA765 /* GoogleService-Info.plist */,
				B536E6D527424A040067175A /* AppDelegate.swift */,
				B536E6D727424A040067175A /* SceneDelegate.swift */,
				B536E6DE27424A060067175A /* Assets.xcassets */,
				B536E6E027424A060067175A /* LaunchScreen.storyboard */,
				B536E6E327424A060067175A /* Info.plist */,
				E660E2152743CA51004D4220 /* Services */,
				E660E2162743CA78004D4220 /* Models */,
				E660E2172743CA94004D4220 /* Controllers */,
			);
			path = SnnapChatApp;
			sourceTree = "<group>";
		};
		E660E2152743CA51004D4220 /* Services */ = {
			isa = PBXGroup;
			children = (
				B56A5C6D2743A04300BCAF0D /* MessagesService.swift */,
				B56A5C6F2743A05300BCAF0D /* UsersService.swift */,
			);
			path = Services;
			sourceTree = "<group>";
		};
		E660E2162743CA78004D4220 /* Models */ = {
			isa = PBXGroup;
			children = (
				B531476527424D4E00CDA765 /* User.swift */,
				B531476727424D5D00CDA765 /* Message.swift */,
			);
			path = Models;
			sourceTree = "<group>";
		};
		E660E2172743CA94004D4220 /* Controllers */ = {
			isa = PBXGroup;
			children = (
				B531475F27424D0300CDA765 /* TabVC.swift */,
				B531475D27424CE400CDA765 /* LoginViewController.swift */,
				B531476927424D9600CDA765 /* SignUpViewController.swift */,
				E660E2182743CC99004D4220 /* TikTokVC.swift */,
				B531476127424D1100CDA765 /* ChatVC.swift */,
				B531476327424D3900CDA765 /* ProfileVC.swift */,
				B531476D274251F300CDA765 /* LocationVC.swift */,
				B531477327429A3F00CDA765 /* CameraVC.swift */,
				B53147752742CD6000CDA765 /* ContactListVC.swift */,
				B531476B27424DB800CDA765 /* UsersViewController.swift */,
			);
			path = Controllers;
			sourceTree = "<group>";
		};
/* End PBXGroup section */

/* Begin PBXNativeTarget section */
		B536E6D127424A040067175A /* SnnapChatApp */ = {
			isa = PBXNativeTarget;
			buildConfigurationList = B536E6E627424A060067175A /* Build configuration list for PBXNativeTarget "SnnapChatApp" */;
			buildPhases = (
				A46E583E5517F4D5AB8C994F /* [CP] Check Pods Manifest.lock */,
				B536E6CE27424A040067175A /* Sources */,
				B536E6CF27424A040067175A /* Frameworks */,
				B536E6D027424A040067175A /* Resources */,
				1BA14583B12B52F4B2D05249 /* [CP] Embed Pods Frameworks */,
			);
			buildRules = (
			);
			dependencies = (
			);
			name = SnnapChatApp;
			productName = SnnapChatApp;
			productReference = B536E6D227424A040067175A /* SnnapChatApp.app */;
			productType = "com.apple.product-type.application";
		};
/* End PBXNativeTarget section */

/* Begin PBXProject section */
		B536E6CA27424A040067175A /* Project object */ = {
			isa = PBXProject;
			attributes = {
				BuildIndependentTargetsInParallel = 1;
				LastSwiftUpdateCheck = 1310;
				LastUpgradeCheck = 1310;
				TargetAttributes = {
					B536E6D127424A040067175A = {
						CreatedOnToolsVersion = 13.1;
					};
				};
			};
			buildConfigurationList = B536E6CD27424A040067175A /* Build configuration list for PBXProject "SnnapChatApp" */;
			compatibilityVersion = "Xcode 13.0";
			developmentRegion = en;
			hasScannedForEncodings = 0;
			knownRegions = (
				en,
				Base,
			);
			mainGroup = B536E6C927424A040067175A;
			productRefGroup = B536E6D327424A040067175A /* Products */;
			projectDirPath = "";
			projectRoot = "";
			targets = (
				B536E6D127424A040067175A /* SnnapChatApp */,
			);
		};
/* End PBXProject section */

/* Begin PBXResourcesBuildPhase section */
		B536E6D027424A040067175A /* Resources */ = {
			isa = PBXResourcesBuildPhase;
			buildActionMask = 2147483647;
			files = (
				B536E6E227424A060067175A /* LaunchScreen.storyboard in Resources */,
				B536E6DF27424A060067175A /* Assets.xcassets in Resources */,
				B531477227427EBF00CDA765 /* GoogleService-Info.plist in Resources */,
			);
			runOnlyForDeploymentPostprocessing = 0;
		};
/* End PBXResourcesBuildPhase section */

/* Begin PBXShellScriptBuildPhase section */
		1BA14583B12B52F4B2D05249 /* [CP] Embed Pods Frameworks */ = {
			isa = PBXShellScriptBuildPhase;
			buildActionMask = 2147483647;
			files = (
			);
			inputFileListPaths = (
				"${PODS_ROOT}/Target Support Files/Pods-SnnapChatApp/Pods-SnnapChatApp-frameworks-${CONFIGURATION}-input-files.xcfilelist",
			);
			name = "[CP] Embed Pods Frameworks";
			outputFileListPaths = (
				"${PODS_ROOT}/Target Support Files/Pods-SnnapChatApp/Pods-SnnapChatApp-frameworks-${CONFIGURATION}-output-files.xcfilelist",
			);
			runOnlyForDeploymentPostprocessing = 0;
			shellPath = /bin/sh;
			shellScript = "\"${PODS_ROOT}/Target Support Files/Pods-SnnapChatApp/Pods-SnnapChatApp-frameworks.sh\"\n";
			showEnvVarsInLog = 0;
		};
		A46E583E5517F4D5AB8C994F /* [CP] Check Pods Manifest.lock */ = {
			isa = PBXShellScriptBuildPhase;
			buildActionMask = 2147483647;
			files = (
			);
			inputFileListPaths = (
			);
			inputPaths = (
				"${PODS_PODFILE_DIR_PATH}/Podfile.lock",
				"${PODS_ROOT}/Manifest.lock",
			);
			name = "[CP] Check Pods Manifest.lock";
			outputFileListPaths = (
			);
			outputPaths = (
				"$(DERIVED_FILE_DIR)/Pods-SnnapChatApp-checkManifestLockResult.txt",
			);
			runOnlyForDeploymentPostprocessing = 0;
			shellPath = /bin/sh;
			shellScript = "diff \"${PODS_PODFILE_DIR_PATH}/Podfile.lock\" \"${PODS_ROOT}/Manifest.lock\" > /dev/null\nif [ $? != 0 ] ; then\n    # print error to STDERR\n    echo \"error: The sandbox is not in sync with the Podfile.lock. Run 'pod install' or update your CocoaPods installation.\" >&2\n    exit 1\nfi\n# This output is used by Xcode 'outputs' to avoid re-running this script phase.\necho \"SUCCESS\" > \"${SCRIPT_OUTPUT_FILE_0}\"\n";
			showEnvVarsInLog = 0;
		};
/* End PBXShellScriptBuildPhase section */

/* Begin PBXSourcesBuildPhase section */
		B536E6CE27424A040067175A /* Sources */ = {
			isa = PBXSourcesBuildPhase;
			buildActionMask = 2147483647;
			files = (
				B531476027424D0300CDA765 /* TabVC.swift in Sources */,
				B56A5C6E2743A04300BCAF0D /* MessagesService.swift in Sources */,
				B531475E27424CE400CDA765 /* LoginViewController.swift in Sources */,
				B56A5C702743A05300BCAF0D /* UsersService.swift in Sources */,
				B531476427424D3900CDA765 /* ProfileVC.swift in Sources */,
				B53147762742CD6000CDA765 /* ContactListVC.swift in Sources */,
				B531476C27424DB800CDA765 /* UsersViewController.swift in Sources */,
				B531476827424D5D00CDA765 /* Message.swift in Sources */,
				E660E2192743CC99004D4220 /* TikTokVC.swift in Sources */,
				B531476E274251F300CDA765 /* LocationVC.swift in Sources */,
				B531476A27424D9600CDA765 /* SignUpViewController.swift in Sources */,
				B531476627424D4E00CDA765 /* User.swift in Sources */,
				B536E6D627424A040067175A /* AppDelegate.swift in Sources */,
				B531477427429A3F00CDA765 /* CameraVC.swift in Sources */,
				B531476227424D1100CDA765 /* ChatVC.swift in Sources */,
				B536E6D827424A040067175A /* SceneDelegate.swift in Sources */,
			);
			runOnlyForDeploymentPostprocessing = 0;
		};
/* End PBXSourcesBuildPhase section */

/* Begin PBXVariantGroup section */
		B536E6E027424A060067175A /* LaunchScreen.storyboard */ = {
			isa = PBXVariantGroup;
			children = (
				B536E6E127424A060067175A /* Base */,
			);
			name = LaunchScreen.storyboard;
			sourceTree = "<group>";
		};
/* End PBXVariantGroup section */

/* Begin XCBuildConfiguration section */
		B536E6E427424A060067175A /* Debug */ = {
			isa = XCBuildConfiguration;
			buildSettings = {
				ALWAYS_SEARCH_USER_PATHS = NO;
				CLANG_ANALYZER_NONNULL = YES;
				CLANG_ANALYZER_NUMBER_OBJECT_CONVERSION = YES_AGGRESSIVE;
				CLANG_CXX_LANGUAGE_STANDARD = "gnu++17";
				CLANG_CXX_LIBRARY = "libc++";
				CLANG_ENABLE_MODULES = YES;
				CLANG_ENABLE_OBJC_ARC = YES;
				CLANG_ENABLE_OBJC_WEAK = YES;
				CLANG_WARN_BLOCK_CAPTURE_AUTORELEASING = YES;
				CLANG_WARN_BOOL_CONVERSION = YES;
				CLANG_WARN_COMMA = YES;
				CLANG_WARN_CONSTANT_CONVERSION = YES;
				CLANG_WARN_DEPRECATED_OBJC_IMPLEMENTATIONS = YES;
				CLANG_WARN_DIRECT_OBJC_ISA_USAGE = YES_ERROR;
				CLANG_WARN_DOCUMENTATION_COMMENTS = YES;
				CLANG_WARN_EMPTY_BODY = YES;
				CLANG_WARN_ENUM_CONVERSION = YES;
				CLANG_WARN_INFINITE_RECURSION = YES;
				CLANG_WARN_INT_CONVERSION = YES;
				CLANG_WARN_NON_LITERAL_NULL_CONVERSION = YES;
				CLANG_WARN_OBJC_IMPLICIT_RETAIN_SELF = YES;
				CLANG_WARN_OBJC_LITERAL_CONVERSION = YES;
				CLANG_WARN_OBJC_ROOT_CLASS = YES_ERROR;
				CLANG_WARN_QUOTED_INCLUDE_IN_FRAMEWORK_HEADER = YES;
				CLANG_WARN_RANGE_LOOP_ANALYSIS = YES;
				CLANG_WARN_STRICT_PROTOTYPES = YES;
				CLANG_WARN_SUSPICIOUS_MOVE = YES;
				CLANG_WARN_UNGUARDED_AVAILABILITY = YES_AGGRESSIVE;
				CLANG_WARN_UNREACHABLE_CODE = YES;
				CLANG_WARN__DUPLICATE_METHOD_MATCH = YES;
				COPY_PHASE_STRIP = NO;
				DEBUG_INFORMATION_FORMAT = dwarf;
				ENABLE_STRICT_OBJC_MSGSEND = YES;
				ENABLE_TESTABILITY = YES;
				GCC_C_LANGUAGE_STANDARD = gnu11;
				GCC_DYNAMIC_NO_PIC = NO;
				GCC_NO_COMMON_BLOCKS = YES;
				GCC_OPTIMIZATION_LEVEL = 0;
				GCC_PREPROCESSOR_DEFINITIONS = (
					"DEBUG=1",
					"$(inherited)",
				);
				GCC_WARN_64_TO_32_BIT_CONVERSION = YES;
				GCC_WARN_ABOUT_RETURN_TYPE = YES_ERROR;
				GCC_WARN_UNDECLARED_SELECTOR = YES;
				GCC_WARN_UNINITIALIZED_AUTOS = YES_AGGRESSIVE;
				GCC_WARN_UNUSED_FUNCTION = YES;
				GCC_WARN_UNUSED_VARIABLE = YES;
				IPHONEOS_DEPLOYMENT_TARGET = 15.0;
				MTL_ENABLE_DEBUG_INFO = INCLUDE_SOURCE;
				MTL_FAST_MATH = YES;
				ONLY_ACTIVE_ARCH = YES;
				SDKROOT = iphoneos;
				SWIFT_ACTIVE_COMPILATION_CONDITIONS = DEBUG;
				SWIFT_OPTIMIZATION_LEVEL = "-Onone";
			};
			name = Debug;
		};
		B536E6E527424A060067175A /* Release */ = {
			isa = XCBuildConfiguration;
			buildSettings = {
				ALWAYS_SEARCH_USER_PATHS = NO;
				CLANG_ANALYZER_NONNULL = YES;
				CLANG_ANALYZER_NUMBER_OBJECT_CONVERSION = YES_AGGRESSIVE;
				CLANG_CXX_LANGUAGE_STANDARD = "gnu++17";
				CLANG_CXX_LIBRARY = "libc++";
				CLANG_ENABLE_MODULES = YES;
				CLANG_ENABLE_OBJC_ARC = YES;
				CLANG_ENABLE_OBJC_WEAK = YES;
				CLANG_WARN_BLOCK_CAPTURE_AUTORELEASING = YES;
				CLANG_WARN_BOOL_CONVERSION = YES;
				CLANG_WARN_COMMA = YES;
				CLANG_WARN_CONSTANT_CONVERSION = YES;
				CLANG_WARN_DEPRECATED_OBJC_IMPLEMENTATIONS = YES;
				CLANG_WARN_DIRECT_OBJC_ISA_USAGE = YES_ERROR;
				CLANG_WARN_DOCUMENTATION_COMMENTS = YES;
				CLANG_WARN_EMPTY_BODY = YES;
				CLANG_WARN_ENUM_CONVERSION = YES;
				CLANG_WARN_INFINITE_RECURSION = YES;
				CLANG_WARN_INT_CONVERSION = YES;
				CLANG_WARN_NON_LITERAL_NULL_CONVERSION = YES;
				CLANG_WARN_OBJC_IMPLICIT_RETAIN_SELF = YES;
				CLANG_WARN_OBJC_LITERAL_CONVERSION = YES;
				CLANG_WARN_OBJC_ROOT_CLASS = YES_ERROR;
				CLANG_WARN_QUOTED_INCLUDE_IN_FRAMEWORK_HEADER = YES;
				CLANG_WARN_RANGE_LOOP_ANALYSIS = YES;
				CLANG_WARN_STRICT_PROTOTYPES = YES;
				CLANG_WARN_SUSPICIOUS_MOVE = YES;
				CLANG_WARN_UNGUARDED_AVAILABILITY = YES_AGGRESSIVE;
				CLANG_WARN_UNREACHABLE_CODE = YES;
				CLANG_WARN__DUPLICATE_METHOD_MATCH = YES;
				COPY_PHASE_STRIP = NO;
				DEBUG_INFORMATION_FORMAT = "dwarf-with-dsym";
				ENABLE_NS_ASSERTIONS = NO;
				ENABLE_STRICT_OBJC_MSGSEND = YES;
				GCC_C_LANGUAGE_STANDARD = gnu11;
				GCC_NO_COMMON_BLOCKS = YES;
				GCC_WARN_64_TO_32_BIT_CONVERSION = YES;
				GCC_WARN_ABOUT_RETURN_TYPE = YES_ERROR;
				GCC_WARN_UNDECLARED_SELECTOR = YES;
				GCC_WARN_UNINITIALIZED_AUTOS = YES_AGGRESSIVE;
				GCC_WARN_UNUSED_FUNCTION = YES;
				GCC_WARN_UNUSED_VARIABLE = YES;
				IPHONEOS_DEPLOYMENT_TARGET = 15.0;
				MTL_ENABLE_DEBUG_INFO = NO;
				MTL_FAST_MATH = YES;
				SDKROOT = iphoneos;
				SWIFT_COMPILATION_MODE = wholemodule;
				SWIFT_OPTIMIZATION_LEVEL = "-O";
				VALIDATE_PRODUCT = YES;
			};
			name = Release;
		};
		B536E6E727424A060067175A /* Debug */ = {
			isa = XCBuildConfiguration;
			baseConfigurationReference = 8C50D33890923CCC40EC3C33 /* Pods-SnnapChatApp.debug.xcconfig */;
			buildSettings = {
				ASSETCATALOG_COMPILER_APPICON_NAME = AppIcon;
				ASSETCATALOG_COMPILER_GLOBAL_ACCENT_COLOR_NAME = AccentColor;
				ASSETCATALOG_COMPILER_INCLUDE_ALL_APPICON_ASSETS = YES;
				CODE_SIGN_STYLE = Automatic;
				CURRENT_PROJECT_VERSION = 1;
				DEVELOPMENT_TEAM = 88QY68DD2P;
				GENERATE_INFOPLIST_FILE = YES;
				INFOPLIST_FILE = SnnapChatApp/Info.plist;
				INFOPLIST_KEY_UIApplicationSupportsIndirectInputEvents = YES;
				INFOPLIST_KEY_UILaunchStoryboardName = LaunchScreen;
				INFOPLIST_KEY_UISupportedInterfaceOrientations_iPad = "UIInterfaceOrientationPortrait UIInterfaceOrientationPortraitUpsideDown UIInterfaceOrientationLandscapeLeft UIInterfaceOrientationLandscapeRight";
				INFOPLIST_KEY_UISupportedInterfaceOrientations_iPhone = "UIInterfaceOrientationPortrait UIInterfaceOrientationLandscapeLeft UIInterfaceOrientationLandscapeRight";
				LD_RUNPATH_SEARCH_PATHS = (
					"$(inherited)",
					"@executable_path/Frameworks",
				);
				MARKETING_VERSION = 1.0;
				PRODUCT_BUNDLE_IDENTIFIER = com.deemaalkamdi.SnnapChatApp;
				PRODUCT_NAME = "$(TARGET_NAME)";
				SWIFT_EMIT_LOC_STRINGS = YES;
				SWIFT_VERSION = 5.0;
				TARGETED_DEVICE_FAMILY = "1,2";
			};
			name = Debug;
		};
		B536E6E827424A060067175A /* Release */ = {
			isa = XCBuildConfiguration;
			baseConfigurationReference = 9F60101B5808215A3061E9CB /* Pods-SnnapChatApp.release.xcconfig */;
			buildSettings = {
				ASSETCATALOG_COMPILER_APPICON_NAME = AppIcon;
				ASSETCATALOG_COMPILER_GLOBAL_ACCENT_COLOR_NAME = AccentColor;
				ASSETCATALOG_COMPILER_INCLUDE_ALL_APPICON_ASSETS = YES;
				CODE_SIGN_STYLE = Automatic;
				CURRENT_PROJECT_VERSION = 1;
				DEVELOPMENT_TEAM = 88QY68DD2P;
				GENERATE_INFOPLIST_FILE = YES;
				INFOPLIST_FILE = SnnapChatApp/Info.plist;
				INFOPLIST_KEY_UIApplicationSupportsIndirectInputEvents = YES;
				INFOPLIST_KEY_UILaunchStoryboardName = LaunchScreen;
				INFOPLIST_KEY_UISupportedInterfaceOrientations_iPad = "UIInterfaceOrientationPortrait UIInterfaceOrientationPortraitUpsideDown UIInterfaceOrientationLandscapeLeft UIInterfaceOrientationLandscapeRight";
				INFOPLIST_KEY_UISupportedInterfaceOrientations_iPhone = "UIInterfaceOrientationPortrait UIInterfaceOrientationLandscapeLeft UIInterfaceOrientationLandscapeRight";
				LD_RUNPATH_SEARCH_PATHS = (
					"$(inherited)",
					"@executable_path/Frameworks",
				);
				MARKETING_VERSION = 1.0;
				PRODUCT_BUNDLE_IDENTIFIER = com.deemaalkamdi.SnnapChatApp;
				PRODUCT_NAME = "$(TARGET_NAME)";
				SWIFT_EMIT_LOC_STRINGS = YES;
				SWIFT_VERSION = 5.0;
				TARGETED_DEVICE_FAMILY = "1,2";
			};
			name = Release;
		};
/* End XCBuildConfiguration section */

/* Begin XCConfigurationList section */
		B536E6CD27424A040067175A /* Build configuration list for PBXProject "SnnapChatApp" */ = {
			isa = XCConfigurationList;
			buildConfigurations = (
				B536E6E427424A060067175A /* Debug */,
				B536E6E527424A060067175A /* Release */,
			);
			defaultConfigurationIsVisible = 0;
			defaultConfigurationName = Release;
		};
		B536E6E627424A060067175A /* Build configuration list for PBXNativeTarget "SnnapChatApp" */ = {
			isa = XCConfigurationList;
			buildConfigurations = (
				B536E6E727424A060067175A /* Debug */,
				B536E6E827424A060067175A /* Release */,
			);
			defaultConfigurationIsVisible = 0;
			defaultConfigurationName = Release;
		};
/* End XCConfigurationList section */
	};
	rootObject = B536E6CA27424A040067175A /* Project object */;
}
