// !$*UTF8*$!
{
	archiveVersion = 1;
	classes = {
	};
	objectVersion = 55;
	objects = {

/* Begin PBXBuildFile section */
		E30A8186273AD43B00CCB1C3 /* AppDelegate.swift in Sources */ = {isa = PBXBuildFile; fileRef = E30A8185273AD43B00CCB1C3 /* AppDelegate.swift */; };
		E30A8188273AD43B00CCB1C3 /* SceneDelegate.swift in Sources */ = {isa = PBXBuildFile; fileRef = E30A8187273AD43B00CCB1C3 /* SceneDelegate.swift */; };
		E30A818A273AD43B00CCB1C3 /* LaunchScreen.swift in Sources */ = {isa = PBXBuildFile; fileRef = E30A8189273AD43B00CCB1C3 /* LaunchScreen.swift */; };
		E30A818F273AD43C00CCB1C3 /* Assets.xcassets in Resources */ = {isa = PBXBuildFile; fileRef = E30A818E273AD43C00CCB1C3 /* Assets.xcassets */; };
		E30A8192273AD43C00CCB1C3 /* LaunchScreen.storyboard in Resources */ = {isa = PBXBuildFile; fileRef = E30A8190273AD43C00CCB1C3 /* LaunchScreen.storyboard */; };
		E30A819C273B287F00CCB1C3 /* SignInVC.swift in Sources */ = {isa = PBXBuildFile; fileRef = E30A819B273B287F00CCB1C3 /* SignInVC.swift */; };
		E30A819E273B288600CCB1C3 /* SignUpVC.swift in Sources */ = {isa = PBXBuildFile; fileRef = E30A819D273B288600CCB1C3 /* SignUpVC.swift */; };
		E30A81A0273B289B00CCB1C3 /* Colors.swift in Sources */ = {isa = PBXBuildFile; fileRef = E30A819F273B289B00CCB1C3 /* Colors.swift */; };
		E30A81A2273B28A800CCB1C3 /*  ViewController.swift in Sources */ = {isa = PBXBuildFile; fileRef = E30A81A1273B28A800CCB1C3 /*  ViewController.swift */; };
		E30A81A4273BDB0400CCB1C3 /* TabBarVC.swift in Sources */ = {isa = PBXBuildFile; fileRef = E30A81A3273BDB0400CCB1C3 /* TabBarVC.swift */; };
		E30A81A6273BDBF000CCB1C3 /* MapVC.swift in Sources */ = {isa = PBXBuildFile; fileRef = E30A81A5273BDBF000CCB1C3 /* MapVC.swift */; };
		E30A81A8273BDC0800CCB1C3 /* ConversationsVC.swift in Sources */ = {isa = PBXBuildFile; fileRef = E30A81A7273BDC0800CCB1C3 /* ConversationsVC.swift */; };
		E30A81AB273BDCB700CCB1C3 /* Contacts.swift in Sources */ = {isa = PBXBuildFile; fileRef = E30A81AA273BDCB700CCB1C3 /* Contacts.swift */; };
		E30A81AD273BDCD500CCB1C3 /* ProfileVC.swift in Sources */ = {isa = PBXBuildFile; fileRef = E30A81AC273BDCD500CCB1C3 /* ProfileVC.swift */; };
		E30A823E273D59C300CCB1C3 /* GoogleService-Info.plist in Resources */ = {isa = PBXBuildFile; fileRef = E30A823D273D59C300CCB1C3 /* GoogleService-Info.plist */; };
		E3257349273FC5AF0088E3C2 /* CamVC.swift in Sources */ = {isa = PBXBuildFile; fileRef = E3257348273FC5AF0088E3C2 /* CamVC.swift */; };
/* End PBXBuildFile section */

/* Begin PBXFileReference section */
		E30A8182273AD43A00CCB1C3 /* Snapchat.app */ = {isa = PBXFileReference; explicitFileType = wrapper.application; includeInIndex = 0; path = Snapchat.app; sourceTree = BUILT_PRODUCTS_DIR; };
		E30A8185273AD43B00CCB1C3 /* AppDelegate.swift */ = {isa = PBXFileReference; lastKnownFileType = sourcecode.swift; path = AppDelegate.swift; sourceTree = "<group>"; };
		E30A8187273AD43B00CCB1C3 /* SceneDelegate.swift */ = {isa = PBXFileReference; lastKnownFileType = sourcecode.swift; path = SceneDelegate.swift; sourceTree = "<group>"; };
		E30A8189273AD43B00CCB1C3 /* LaunchScreen.swift */ = {isa = PBXFileReference; lastKnownFileType = sourcecode.swift; path = LaunchScreen.swift; sourceTree = "<group>"; };
		E30A818E273AD43C00CCB1C3 /* Assets.xcassets */ = {isa = PBXFileReference; lastKnownFileType = folder.assetcatalog; path = Assets.xcassets; sourceTree = "<group>"; };
		E30A8191273AD43C00CCB1C3 /* Base */ = {isa = PBXFileReference; lastKnownFileType = file.storyboard; name = Base; path = Base.lproj/LaunchScreen.storyboard; sourceTree = "<group>"; };
		E30A8193273AD43C00CCB1C3 /* Info.plist */ = {isa = PBXFileReference; lastKnownFileType = text.plist.xml; path = Info.plist; sourceTree = "<group>"; };
		E30A819B273B287F00CCB1C3 /* SignInVC.swift */ = {isa = PBXFileReference; fileEncoding = 4; lastKnownFileType = sourcecode.swift; path = SignInVC.swift; sourceTree = "<group>"; };
		E30A819D273B288600CCB1C3 /* SignUpVC.swift */ = {isa = PBXFileReference; fileEncoding = 4; lastKnownFileType = sourcecode.swift; path = SignUpVC.swift; sourceTree = "<group>"; };
		E30A819F273B289B00CCB1C3 /* Colors.swift */ = {isa = PBXFileReference; fileEncoding = 4; lastKnownFileType = sourcecode.swift; path = Colors.swift; sourceTree = "<group>"; };
		E30A81A1273B28A800CCB1C3 /*  ViewController.swift */ = {isa = PBXFileReference; fileEncoding = 4; lastKnownFileType = sourcecode.swift; path = " ViewController.swift"; sourceTree = "<group>"; };
		E30A81A3273BDB0400CCB1C3 /* TabBarVC.swift */ = {isa = PBXFileReference; lastKnownFileType = sourcecode.swift; path = TabBarVC.swift; sourceTree = "<group>"; };
		E30A81A5273BDBF000CCB1C3 /* MapVC.swift */ = {isa = PBXFileReference; lastKnownFileType = sourcecode.swift; path = MapVC.swift; sourceTree = "<group>"; };
		E30A81A7273BDC0800CCB1C3 /* ConversationsVC.swift */ = {isa = PBXFileReference; lastKnownFileType = sourcecode.swift; path = ConversationsVC.swift; sourceTree = "<group>"; };
		E30A81AA273BDCB700CCB1C3 /* Contacts.swift */ = {isa = PBXFileReference; lastKnownFileType = sourcecode.swift; path = Contacts.swift; sourceTree = "<group>"; };
		E30A81AC273BDCD500CCB1C3 /* ProfileVC.swift */ = {isa = PBXFileReference; lastKnownFileType = sourcecode.swift; path = ProfileVC.swift; sourceTree = "<group>"; };
		E30A823D273D59C300CCB1C3 /* GoogleService-Info.plist */ = {isa = PBXFileReference; fileEncoding = 4; lastKnownFileType = text.plist.xml; path = "GoogleService-Info.plist"; sourceTree = "<group>"; };
		E3257348273FC5AF0088E3C2 /* CamVC.swift */ = {isa = PBXFileReference; fileEncoding = 4; lastKnownFileType = sourcecode.swift; path = CamVC.swift; sourceTree = "<group>"; };
/* End PBXFileReference section */

/* Begin PBXFrameworksBuildPhase section */
		E30A817F273AD43A00CCB1C3 /* Frameworks */ = {
			isa = PBXFrameworksBuildPhase;
			buildActionMask = 2147483647;
			files = (
			);
			runOnlyForDeploymentPostprocessing = 0;
		};
/* End PBXFrameworksBuildPhase section */

/* Begin PBXGroup section */
		E30A8179273AD43A00CCB1C3 = {
			isa = PBXGroup;
			children = (
				E30A8184273AD43A00CCB1C3 /* Snapchat */,
				E30A8183273AD43A00CCB1C3 /* Products */,
			);
			sourceTree = "<group>";
		};
		E30A8183273AD43A00CCB1C3 /* Products */ = {
			isa = PBXGroup;
			children = (
				E30A8182273AD43A00CCB1C3 /* Snapchat.app */,
			);
			name = Products;
			sourceTree = "<group>";
		};
		E30A8184273AD43A00CCB1C3 /* Snapchat */ = {
			isa = PBXGroup;
			children = (
				E30A823D273D59C300CCB1C3 /* GoogleService-Info.plist */,
				E30A819A273B285200CCB1C3 /* Views */,
				E30A8185273AD43B00CCB1C3 /* AppDelegate.swift */,
				E30A8187273AD43B00CCB1C3 /* SceneDelegate.swift */,
				E30A818E273AD43C00CCB1C3 /* Assets.xcassets */,
				E30A8190273AD43C00CCB1C3 /* LaunchScreen.storyboard */,
				E30A8193273AD43C00CCB1C3 /* Info.plist */,
				E30A81A3273BDB0400CCB1C3 /* TabBarVC.swift */,
				E30A81AC273BDCD500CCB1C3 /* ProfileVC.swift */,
			);
			path = Snapchat;
			sourceTree = "<group>";
		};
		E30A819A273B285200CCB1C3 /* Views */ = {
			isa = PBXGroup;
			children = (
				E30A8189273AD43B00CCB1C3 /* LaunchScreen.swift */,
				E30A819B273B287F00CCB1C3 /* SignInVC.swift */,
				E30A819D273B288600CCB1C3 /* SignUpVC.swift */,
				E30A819F273B289B00CCB1C3 /* Colors.swift */,
				E30A81A1273B28A800CCB1C3 /*  ViewController.swift */,
				E30A81A5273BDBF000CCB1C3 /* MapVC.swift */,
				E3257348273FC5AF0088E3C2 /* CamVC.swift */,
				E30A81A7273BDC0800CCB1C3 /* ConversationsVC.swift */,
				E30A81AA273BDCB700CCB1C3 /* Contacts.swift */,
			);
			path = Views;
			sourceTree = "<group>";
		};
/* End PBXGroup section */

/* Begin PBXNativeTarget section */
		E30A8181273AD43A00CCB1C3 /* Snapchat */ = {
			isa = PBXNativeTarget;
			buildConfigurationList = E30A8196273AD43C00CCB1C3 /* Build configuration list for PBXNativeTarget "Snapchat" */;
			buildPhases = (
				E30A817E273AD43A00CCB1C3 /* Sources */,
				E30A817F273AD43A00CCB1C3 /* Frameworks */,
				E30A8180273AD43A00CCB1C3 /* Resources */,
			);
			buildRules = (
			);
			dependencies = (
			);
			name = Snapchat;
			productName = Snapchat;
			productReference = E30A8182273AD43A00CCB1C3 /* Snapchat.app */;
			productType = "com.apple.product-type.application";
		};
/* End PBXNativeTarget section */

/* Begin PBXProject section */
		E30A817A273AD43A00CCB1C3 /* Project object */ = {
			isa = PBXProject;
			attributes = {
				BuildIndependentTargetsInParallel = 1;
				LastSwiftUpdateCheck = 1300;
				LastUpgradeCheck = 1300;
				TargetAttributes = {
					E30A8181273AD43A00CCB1C3 = {
						CreatedOnToolsVersion = 13.0;
					};
				};
			};
			buildConfigurationList = E30A817D273AD43A00CCB1C3 /* Build configuration list for PBXProject "Snapchat" */;
			compatibilityVersion = "Xcode 13.0";
			developmentRegion = en;
			hasScannedForEncodings = 0;
			knownRegions = (
				en,
				Base,
			);
			mainGroup = E30A8179273AD43A00CCB1C3;
			productRefGroup = E30A8183273AD43A00CCB1C3 /* Products */;
			projectDirPath = "";
			projectRoot = "";
			targets = (
				E30A8181273AD43A00CCB1C3 /* Snapchat */,
			);
		};
/* End PBXProject section */

/* Begin PBXResourcesBuildPhase section */
		E30A8180273AD43A00CCB1C3 /* Resources */ = {
			isa = PBXResourcesBuildPhase;
			buildActionMask = 2147483647;
			files = (
				E30A823E273D59C300CCB1C3 /* GoogleService-Info.plist in Resources */,
				E30A8192273AD43C00CCB1C3 /* LaunchScreen.storyboard in Resources */,
				E30A818F273AD43C00CCB1C3 /* Assets.xcassets in Resources */,
			);
			runOnlyForDeploymentPostprocessing = 0;
		};
/* End PBXResourcesBuildPhase section */

/* Begin PBXSourcesBuildPhase section */
		E30A817E273AD43A00CCB1C3 /* Sources */ = {
			isa = PBXSourcesBuildPhase;
			buildActionMask = 2147483647;
			files = (
				E30A81AD273BDCD500CCB1C3 /* ProfileVC.swift in Sources */,
				E30A818A273AD43B00CCB1C3 /* LaunchScreen.swift in Sources */,
				E30A81A2273B28A800CCB1C3 /*  ViewController.swift in Sources */,
				E30A81A0273B289B00CCB1C3 /* Colors.swift in Sources */,
				E30A81A8273BDC0800CCB1C3 /* ConversationsVC.swift in Sources */,
				E30A8186273AD43B00CCB1C3 /* AppDelegate.swift in Sources */,
				E30A819C273B287F00CCB1C3 /* SignInVC.swift in Sources */,
				E3257349273FC5AF0088E3C2 /* CamVC.swift in Sources */,
				E30A81AB273BDCB700CCB1C3 /* Contacts.swift in Sources */,
				E30A819E273B288600CCB1C3 /* SignUpVC.swift in Sources */,
				E30A81A4273BDB0400CCB1C3 /* TabBarVC.swift in Sources */,
				E30A81A6273BDBF000CCB1C3 /* MapVC.swift in Sources */,
				E30A8188273AD43B00CCB1C3 /* SceneDelegate.swift in Sources */,
			);
			runOnlyForDeploymentPostprocessing = 0;
		};
/* End PBXSourcesBuildPhase section */

/* Begin PBXVariantGroup section */
		E30A8190273AD43C00CCB1C3 /* LaunchScreen.storyboard */ = {
			isa = PBXVariantGroup;
			children = (
				E30A8191273AD43C00CCB1C3 /* Base */,
			);
			name = LaunchScreen.storyboard;
			sourceTree = "<group>";
		};
/* End PBXVariantGroup section */

/* Begin XCBuildConfiguration section */
		E30A8194273AD43C00CCB1C3 /* Debug */ = {
			isa = XCBuildConfiguration;
			buildSettings = {
				ALWAYS_SEARCH_USER_PATHS = NO;
				CLANG_ANALYZER_NONNULL = YES;
				CLANG_ANALYZER_NUMBER_OBJECT_CONVERSION = YES_AGGRESSIVE;
				CLANG_CXX_LANGUAGE_STANDARD = "gnu++17";
				CLANG_CXX_LIBRARY = "libc++";
				CLANG_ENABLE_MODULES = YES;
				CLANG_ENABLE_OBJC_ARC = YES;
				CLANG_ENABLE_OBJC_WEAK = YES;
				CLANG_WARN_BLOCK_CAPTURE_AUTORELEASING = YES;
				CLANG_WARN_BOOL_CONVERSION = YES;
				CLANG_WARN_COMMA = YES;
				CLANG_WARN_CONSTANT_CONVERSION = YES;
				CLANG_WARN_DEPRECATED_OBJC_IMPLEMENTATIONS = YES;
				CLANG_WARN_DIRECT_OBJC_ISA_USAGE = YES_ERROR;
				CLANG_WARN_DOCUMENTATION_COMMENTS = YES;
				CLANG_WARN_EMPTY_BODY = YES;
				CLANG_WARN_ENUM_CONVERSION = YES;
				CLANG_WARN_INFINITE_RECURSION = YES;
				CLANG_WARN_INT_CONVERSION = YES;
				CLANG_WARN_NON_LITERAL_NULL_CONVERSION = YES;
				CLANG_WARN_OBJC_IMPLICIT_RETAIN_SELF = YES;
				CLANG_WARN_OBJC_LITERAL_CONVERSION = YES;
				CLANG_WARN_OBJC_ROOT_CLASS = YES_ERROR;
				CLANG_WARN_QUOTED_INCLUDE_IN_FRAMEWORK_HEADER = YES;
				CLANG_WARN_RANGE_LOOP_ANALYSIS = YES;
				CLANG_WARN_STRICT_PROTOTYPES = YES;
				CLANG_WARN_SUSPICIOUS_MOVE = YES;
				CLANG_WARN_UNGUARDED_AVAILABILITY = YES_AGGRESSIVE;
				CLANG_WARN_UNREACHABLE_CODE = YES;
				CLANG_WARN__DUPLICATE_METHOD_MATCH = YES;
				COPY_PHASE_STRIP = NO;
				DEBUG_INFORMATION_FORMAT = dwarf;
				ENABLE_STRICT_OBJC_MSGSEND = YES;
				ENABLE_TESTABILITY = YES;
				GCC_C_LANGUAGE_STANDARD = gnu11;
				GCC_DYNAMIC_NO_PIC = NO;
				GCC_NO_COMMON_BLOCKS = YES;
				GCC_OPTIMIZATION_LEVEL = 0;
				GCC_PREPROCESSOR_DEFINITIONS = (
					"DEBUG=1",
					"$(inherited)",
				);
				GCC_WARN_64_TO_32_BIT_CONVERSION = YES;
				GCC_WARN_ABOUT_RETURN_TYPE = YES_ERROR;
				GCC_WARN_UNDECLARED_SELECTOR = YES;
				GCC_WARN_UNINITIALIZED_AUTOS = YES_AGGRESSIVE;
				GCC_WARN_UNUSED_FUNCTION = YES;
				GCC_WARN_UNUSED_VARIABLE = YES;
				IPHONEOS_DEPLOYMENT_TARGET = 15.0;
				MTL_ENABLE_DEBUG_INFO = INCLUDE_SOURCE;
				MTL_FAST_MATH = YES;
				ONLY_ACTIVE_ARCH = YES;
				SDKROOT = iphoneos;
				SWIFT_ACTIVE_COMPILATION_CONDITIONS = DEBUG;
				SWIFT_OPTIMIZATION_LEVEL = "-Onone";
			};
			name = Debug;
		};
		E30A8195273AD43C00CCB1C3 /* Release */ = {
			isa = XCBuildConfiguration;
			buildSettings = {
				ALWAYS_SEARCH_USER_PATHS = NO;
				CLANG_ANALYZER_NONNULL = YES;
				CLANG_ANALYZER_NUMBER_OBJECT_CONVERSION = YES_AGGRESSIVE;
				CLANG_CXX_LANGUAGE_STANDARD = "gnu++17";
				CLANG_CXX_LIBRARY = "libc++";
				CLANG_ENABLE_MODULES = YES;
				CLANG_ENABLE_OBJC_ARC = YES;
				CLANG_ENABLE_OBJC_WEAK = YES;
				CLANG_WARN_BLOCK_CAPTURE_AUTORELEASING = YES;
				CLANG_WARN_BOOL_CONVERSION = YES;
				CLANG_WARN_COMMA = YES;
				CLANG_WARN_CONSTANT_CONVERSION = YES;
				CLANG_WARN_DEPRECATED_OBJC_IMPLEMENTATIONS = YES;
				CLANG_WARN_DIRECT_OBJC_ISA_USAGE = YES_ERROR;
				CLANG_WARN_DOCUMENTATION_COMMENTS = YES;
				CLANG_WARN_EMPTY_BODY = YES;
				CLANG_WARN_ENUM_CONVERSION = YES;
				CLANG_WARN_INFINITE_RECURSION = YES;
				CLANG_WARN_INT_CONVERSION = YES;
				CLANG_WARN_NON_LITERAL_NULL_CONVERSION = YES;
				CLANG_WARN_OBJC_IMPLICIT_RETAIN_SELF = YES;
				CLANG_WARN_OBJC_LITERAL_CONVERSION = YES;
				CLANG_WARN_OBJC_ROOT_CLASS = YES_ERROR;
				CLANG_WARN_QUOTED_INCLUDE_IN_FRAMEWORK_HEADER = YES;
				CLANG_WARN_RANGE_LOOP_ANALYSIS = YES;
				CLANG_WARN_STRICT_PROTOTYPES = YES;
				CLANG_WARN_SUSPICIOUS_MOVE = YES;
				CLANG_WARN_UNGUARDED_AVAILABILITY = YES_AGGRESSIVE;
				CLANG_WARN_UNREACHABLE_CODE = YES;
				CLANG_WARN__DUPLICATE_METHOD_MATCH = YES;
				COPY_PHASE_STRIP = NO;
				DEBUG_INFORMATION_FORMAT = "dwarf-with-dsym";
				ENABLE_NS_ASSERTIONS = NO;
				ENABLE_STRICT_OBJC_MSGSEND = YES;
				GCC_C_LANGUAGE_STANDARD = gnu11;
				GCC_NO_COMMON_BLOCKS = YES;
				GCC_WARN_64_TO_32_BIT_CONVERSION = YES;
				GCC_WARN_ABOUT_RETURN_TYPE = YES_ERROR;
				GCC_WARN_UNDECLARED_SELECTOR = YES;
				GCC_WARN_UNINITIALIZED_AUTOS = YES_AGGRESSIVE;
				GCC_WARN_UNUSED_FUNCTION = YES;
				GCC_WARN_UNUSED_VARIABLE = YES;
				IPHONEOS_DEPLOYMENT_TARGET = 15.0;
				MTL_ENABLE_DEBUG_INFO = NO;
				MTL_FAST_MATH = YES;
				SDKROOT = iphoneos;
				SWIFT_COMPILATION_MODE = wholemodule;
				SWIFT_OPTIMIZATION_LEVEL = "-O";
				VALIDATE_PRODUCT = YES;
			};
			name = Release;
		};
		E30A8197273AD43C00CCB1C3 /* Debug */ = {
			isa = XCBuildConfiguration;
			buildSettings = {
				ASSETCATALOG_COMPILER_APPICON_NAME = AppIcon;
				ASSETCATALOG_COMPILER_GLOBAL_ACCENT_COLOR_NAME = AccentColor;
				CODE_SIGN_IDENTITY = "Apple Development";
				CODE_SIGN_STYLE = Automatic;
				CURRENT_PROJECT_VERSION = 1;
				DEVELOPMENT_TEAM = "";
				GENERATE_INFOPLIST_FILE = YES;
				INFOPLIST_FILE = Snapchat/Info.plist;
				INFOPLIST_KEY_UIApplicationSupportsIndirectInputEvents = YES;
				INFOPLIST_KEY_UILaunchStoryboardName = LaunchScreen;
				INFOPLIST_KEY_UISupportedInterfaceOrientations_iPad = "UIInterfaceOrientationPortrait UIInterfaceOrientationPortraitUpsideDown UIInterfaceOrientationLandscapeLeft UIInterfaceOrientationLandscapeRight";
				INFOPLIST_KEY_UISupportedInterfaceOrientations_iPhone = "UIInterfaceOrientationPortrait UIInterfaceOrientationLandscapeLeft UIInterfaceOrientationLandscapeRight";
				LD_RUNPATH_SEARCH_PATHS = (
					"$(inherited)",
					"@executable_path/Frameworks",
				);
				MARKETING_VERSION = 1.0;
				PRODUCT_BUNDLE_IDENTIFIER = com.nuna.Snapchat;
				PRODUCT_NAME = "$(TARGET_NAME)";
				PROVISIONING_PROFILE_SPECIFIER = "";
				SWIFT_EMIT_LOC_STRINGS = YES;
				SWIFT_VERSION = 5.0;
				TARGETED_DEVICE_FAMILY = "1,2";
			};
			name = Debug;
		};
		E30A8198273AD43C00CCB1C3 /* Release */ = {
			isa = XCBuildConfiguration;
			buildSettings = {
				ASSETCATALOG_COMPILER_APPICON_NAME = AppIcon;
				ASSETCATALOG_COMPILER_GLOBAL_ACCENT_COLOR_NAME = AccentColor;
				CODE_SIGN_IDENTITY = "Apple Development";
				CODE_SIGN_STYLE = Automatic;
				CURRENT_PROJECT_VERSION = 1;
				DEVELOPMENT_TEAM = "";
				GENERATE_INFOPLIST_FILE = YES;
				INFOPLIST_FILE = Snapchat/Info.plist;
				INFOPLIST_KEY_UIApplicationSupportsIndirectInputEvents = YES;
				INFOPLIST_KEY_UILaunchStoryboardName = LaunchScreen;
				INFOPLIST_KEY_UISupportedInterfaceOrientations_iPad = "UIInterfaceOrientationPortrait UIInterfaceOrientationPortraitUpsideDown UIInterfaceOrientationLandscapeLeft UIInterfaceOrientationLandscapeRight";
				INFOPLIST_KEY_UISupportedInterfaceOrientations_iPhone = "UIInterfaceOrientationPortrait UIInterfaceOrientationLandscapeLeft UIInterfaceOrientationLandscapeRight";
				LD_RUNPATH_SEARCH_PATHS = (
					"$(inherited)",
					"@executable_path/Frameworks",
				);
				MARKETING_VERSION = 1.0;
				PRODUCT_BUNDLE_IDENTIFIER = com.nuna.Snapchat;
				PRODUCT_NAME = "$(TARGET_NAME)";
				PROVISIONING_PROFILE_SPECIFIER = "";
				SWIFT_EMIT_LOC_STRINGS = YES;
				SWIFT_VERSION = 5.0;
				TARGETED_DEVICE_FAMILY = "1,2";
			};
			name = Release;
		};
/* End XCBuildConfiguration section */

/* Begin XCConfigurationList section */
		E30A817D273AD43A00CCB1C3 /* Build configuration list for PBXProject "Snapchat" */ = {
			isa = XCConfigurationList;
			buildConfigurations = (
				E30A8194273AD43C00CCB1C3 /* Debug */,
				E30A8195273AD43C00CCB1C3 /* Release */,
			);
			defaultConfigurationIsVisible = 0;
			defaultConfigurationName = Release;
		};
		E30A8196273AD43C00CCB1C3 /* Build configuration list for PBXNativeTarget "Snapchat" */ = {
			isa = XCConfigurationList;
			buildConfigurations = (
				E30A8197273AD43C00CCB1C3 /* Debug */,
				E30A8198273AD43C00CCB1C3 /* Release */,
			);
			defaultConfigurationIsVisible = 0;
			defaultConfigurationName = Release;
		};
/* End XCConfigurationList section */
	};
	rootObject = E30A817A273AD43A00CCB1C3 /* Project object */;
}
